
Microsoft Visual Studio Solution File, Format Version 12.00
# Visual Studio Version 17
VisualStudioVersion = 17.2.32630.192
MinimumVisualStudioVersion = 10.0.40219.1
Project("{FAE04EC0-301F-11D3-BF4B-00C04F79EFBC}") = "MouseHover", "MouseHover\MouseHover.csproj", "{C77FA337-B77E-414D-9362-28555E60C03A}"
EndProject
Global
	GlobalSection(SolutionConfigurationPlatforms) = preSolution
		Debug|Any CPU = Debug|Any CPU
		Release|Any CPU = Release|Any CPU
	EndGlobalSection
	GlobalSection(ProjectConfigurationPlatforms) = postSolution
		{C77FA337-B77E-414D-9362-28555E60C03A}.Debug|Any CPU.ActiveCfg = Debug|Any CPU
		{C77FA337-B77E-414D-9362-28555E60C03A}.Debug|Any CPU.Build.0 = Debug|Any CPU
		{C77FA337-B77E-414D-9362-28555E60C03A}.Release|Any CPU.ActiveCfg = Release|Any CPU
		{C77FA337-B77E-414D-9362-28555E60C03A}.Release|Any CPU.Build.0 = Release|Any CPU
	EndGlobalSection
	GlobalSection(SolutionProperties) = preSolution
		HideSolutionNode = FALSE
	EndGlobalSection
	GlobalSection(ExtensibilityGlobals) = postSolution
		SolutionGuid = {54009971-AFD5-4A04-9266-FE813B2F5D3F}
	EndGlobalSection
EndGlobal
