
Microsoft Visual Studio Solution File, Format Version 12.00
# Visual Studio Version 17
VisualStudioVersion = 17.2.32630.192
MinimumVisualStudioVersion = 10.0.40219.1
Project("{FAE04EC0-301F-11D3-BF4B-00C04F79EFBC}") = "ButtonTask", "ButtonTask\ButtonTask.csproj", "{A4CC0EEB-BE25-406D-AB26-1C765625BF05}"
EndProject
Global
	GlobalSection(SolutionConfigurationPlatforms) = preSolution
		Debug|Any CPU = Debug|Any CPU
		Release|Any CPU = Release|Any CPU
	EndGlobalSection
	GlobalSection(ProjectConfigurationPlatforms) = postSolution
		{A4CC0EEB-BE25-406D-AB26-1C765625BF05}.Debug|Any CPU.ActiveCfg = Debug|Any CPU
		{A4CC0EEB-BE25-406D-AB26-1C765625BF05}.Debug|Any CPU.Build.0 = Debug|Any CPU
		{A4CC0EEB-BE25-406D-AB26-1C765625BF05}.Release|Any CPU.ActiveCfg = Release|Any CPU
		{A4CC0EEB-BE25-406D-AB26-1C765625BF05}.Release|Any CPU.Build.0 = Release|Any CPU
	EndGlobalSection
	GlobalSection(SolutionProperties) = preSolution
		HideSolutionNode = FALSE
	EndGlobalSection
	GlobalSection(ExtensibilityGlobals) = postSolution
		SolutionGuid = {9BAF898B-DE89-4D8A-8CC9-E5EBCDF1A927}
	EndGlobalSection
EndGlobal
