
Microsoft Visual Studio Solution File, Format Version 12.00
# Visual Studio Version 17
VisualStudioVersion = 17.2.32630.192
MinimumVisualStudioVersion = 10.0.40219.1
Project("{FAE04EC0-301F-11D3-BF4B-00C04F79EFBC}") = "calculator", "calculator\calculator.csproj", "{73680543-F5B5-40AF-8F40-6A689E8A750A}"
EndProject
Global
	GlobalSection(SolutionConfigurationPlatforms) = preSolution
		Debug|Any CPU = Debug|Any CPU
		Release|Any CPU = Release|Any CPU
	EndGlobalSection
	GlobalSection(ProjectConfigurationPlatforms) = postSolution
		{73680543-F5B5-40AF-8F40-6A689E8A750A}.Debug|Any CPU.ActiveCfg = Debug|Any CPU
		{73680543-F5B5-40AF-8F40-6A689E8A750A}.Debug|Any CPU.Build.0 = Debug|Any CPU
		{73680543-F5B5-40AF-8F40-6A689E8A750A}.Release|Any CPU.ActiveCfg = Release|Any CPU
		{73680543-F5B5-40AF-8F40-6A689E8A750A}.Release|Any CPU.Build.0 = Release|Any CPU
	EndGlobalSection
	GlobalSection(SolutionProperties) = preSolution
		HideSolutionNode = FALSE
	EndGlobalSection
	GlobalSection(ExtensibilityGlobals) = postSolution
		SolutionGuid = {BD6C73BF-EE85-4FDE-91F6-7CABA63B0E80}
	EndGlobalSection
EndGlobal
